
Microsoft Visual Studio Solution File, Format Version 12.00
# Visual Studio Version 16
VisualStudioVersion = 16.0.32929.386
MinimumVisualStudioVersion = 10.0.40219.1
Project("{FAE04EC0-301F-11D3-BF4B-00C04F79EFBC}") = "TownSuite Programming Test", "TownSuite Programming Test.csproj", "{A31F3653-3826-461C-88BD-C9E60A2CCEA3}"
EndProject
Global
	GlobalSection(SolutionConfigurationPlatforms) = preSolution
		Debug|Any CPU = Debug|Any CPU
		Release|Any CPU = Release|Any CPU
	EndGlobalSection
	GlobalSection(ProjectConfigurationPlatforms) = postSolution
		{A31F3653-3826-461C-88BD-C9E60A2CCEA3}.Debug|Any CPU.ActiveCfg = Debug|Any CPU
		{A31F3653-3826-461C-88BD-C9E60A2CCEA3}.Debug|Any CPU.Build.0 = Debug|Any CPU
		{A31F3653-3826-461C-88BD-C9E60A2CCEA3}.Release|Any CPU.ActiveCfg = Release|Any CPU
		{A31F3653-3826-461C-88BD-C9E60A2CCEA3}.Release|Any CPU.Build.0 = Release|Any CPU
	EndGlobalSection
	GlobalSection(SolutionProperties) = preSolution
		HideSolutionNode = FALSE
	EndGlobalSection
	GlobalSection(ExtensibilityGlobals) = postSolution
		SolutionGuid = {52ABDEE2-3A8F-4266-9E8E-3CC3BE9CA254}
	EndGlobalSection
EndGlobal
